// !$*UTF8*$!
{
	archiveVersion = 1;
	classes = {
	};
	objectVersion = 48;
	objects = {

/* Begin PBXBuildFile section */
		4D5E402E207DA49600A9BA8B /* main.cpp in Sources */ = {isa = PBXBuildFile; fileRef = 4D5E402D207DA49600A9BA8B /* main.cpp */; };
		4D5E4038207DA4CB00A9BA8B /* libglut.3.10.0.dylib in Frameworks */ = {isa = PBXBuildFile; fileRef = 4D5E4034207DA4CB00A9BA8B /* libglut.3.10.0.dylib */; };
		4D5E4039207DA4CB00A9BA8B /* libglut.a in Frameworks */ = {isa = PBXBuildFile; fileRef = 4D5E4035207DA4CB00A9BA8B /* libglut.a */; };
		4D5E403A207DA4CB00A9BA8B /* libGLEW.a in Frameworks */ = {isa = PBXBuildFile; fileRef = 4D5E4036207DA4CB00A9BA8B /* libGLEW.a */; };
		4D5E403B207DA4CB00A9BA8B /* libGLEW.2.1.0.dylib in Frameworks */ = {isa = PBXBuildFile; fileRef = 4D5E4037207DA4CB00A9BA8B /* libGLEW.2.1.0.dylib */; };
		4D5E403E207DA4DC00A9BA8B /* OpenGL.framework in Frameworks */ = {isa = PBXBuildFile; fileRef = 4D5E403D207DA4DC00A9BA8B /* OpenGL.framework */; };
		4D5E4040207DA4E600A9BA8B /* GLUT.framework in Frameworks */ = {isa = PBXBuildFile; fileRef = 4D5E403F207DA4E600A9BA8B /* GLUT.framework */; };
		4D5E4043207DA59100A9BA8B /* CallBack.cpp in Sources */ = {isa = PBXBuildFile; fileRef = 4D5E4041207DA59100A9BA8B /* CallBack.cpp */; };
/* End PBXBuildFile section */

/* Begin PBXCopyFilesBuildPhase section */
		4D5E4028207DA49600A9BA8B /* CopyFiles */ = {
			isa = PBXCopyFilesBuildPhase;
			buildActionMask = 2147483647;
			dstPath = /usr/share/man/man1/;
			dstSubfolderSpec = 0;
			files = (
			);
			runOnlyForDeploymentPostprocessing = 1;
		};
/* End PBXCopyFilesBuildPhase section */

/* Begin PBXFileReference section */
		4D5E402A207DA49600A9BA8B /* Robot_OpenGL */ = {isa = PBXFileReference; explicitFileType = "compiled.mach-o.executable"; includeInIndex = 0; path = Robot_OpenGL; sourceTree = BUILT_PRODUCTS_DIR; };
		4D5E402D207DA49600A9BA8B /* main.cpp */ = {isa = PBXFileReference; lastKnownFileType = sourcecode.cpp.cpp; path = main.cpp; sourceTree = "<group>"; };
		4D5E4034207DA4CB00A9BA8B /* libglut.3.10.0.dylib */ = {isa = PBXFileReference; lastKnownFileType = "compiled.mach-o.dylib"; name = libglut.3.10.0.dylib; path = ../../../../usr/local/Cellar/freeglut/3.0.0/lib/libglut.3.10.0.dylib; sourceTree = "<group>"; };
		4D5E4035207DA4CB00A9BA8B /* libglut.a */ = {isa = PBXFileReference; lastKnownFileType = archive.ar; name = libglut.a; path = ../../../../usr/local/Cellar/freeglut/3.0.0/lib/libglut.a; sourceTree = "<group>"; };
		4D5E4036207DA4CB00A9BA8B /* libGLEW.a */ = {isa = PBXFileReference; lastKnownFileType = archive.ar; name = libGLEW.a; path = ../../../../usr/local/Cellar/glew/2.1.0/lib/libGLEW.a; sourceTree = "<group>"; };
		4D5E4037207DA4CB00A9BA8B /* libGLEW.2.1.0.dylib */ = {isa = PBXFileReference; lastKnownFileType = "compiled.mach-o.dylib"; name = libGLEW.2.1.0.dylib; path = ../../../../usr/local/Cellar/glew/2.1.0/lib/libGLEW.2.1.0.dylib; sourceTree = "<group>"; };
		4D5E403D207DA4DC00A9BA8B /* OpenGL.framework */ = {isa = PBXFileReference; lastKnownFileType = wrapper.framework; name = OpenGL.framework; path = System/Library/Frameworks/OpenGL.framework; sourceTree = SDKROOT; };
		4D5E403F207DA4E600A9BA8B /* GLUT.framework */ = {isa = PBXFileReference; lastKnownFileType = wrapper.framework; name = GLUT.framework; path = System/Library/Frameworks/GLUT.framework; sourceTree = SDKROOT; };
		4D5E4041207DA59100A9BA8B /* CallBack.cpp */ = {isa = PBXFileReference; lastKnownFileType = sourcecode.cpp.cpp; path = CallBack.cpp; sourceTree = "<group>"; };
		4D5E4042207DA59100A9BA8B /* CallBack.hpp */ = {isa = PBXFileReference; lastKnownFileType = sourcecode.cpp.h; path = CallBack.hpp; sourceTree = "<group>"; };
		4D5E4044207DA6A500A9BA8B /* vertex_shader.glsl */ = {isa = PBXFileReference; lastKnownFileType = text; path = vertex_shader.glsl; sourceTree = "<group>"; };
		4D5E4045207DA6CB00A9BA8B /* fragment_shader.glsl */ = {isa = PBXFileReference; lastKnownFileType = text.xml; path = fragment_shader.glsl; sourceTree = "<group>"; };
/* End PBXFileReference section */

/* Begin PBXFrameworksBuildPhase section */
		4D5E4027207DA49600A9BA8B /* Frameworks */ = {
			isa = PBXFrameworksBuildPhase;
			buildActionMask = 2147483647;
			files = (
				4D5E4040207DA4E600A9BA8B /* GLUT.framework in Frameworks */,
				4D5E403E207DA4DC00A9BA8B /* OpenGL.framework in Frameworks */,
				4D5E403B207DA4CB00A9BA8B /* libGLEW.2.1.0.dylib in Frameworks */,
				4D5E4038207DA4CB00A9BA8B /* libglut.3.10.0.dylib in Frameworks */,
				4D5E4039207DA4CB00A9BA8B /* libglut.a in Frameworks */,
				4D5E403A207DA4CB00A9BA8B /* libGLEW.a in Frameworks */,
			);
			runOnlyForDeploymentPostprocessing = 0;
		};
/* End PBXFrameworksBuildPhase section */

/* Begin PBXGroup section */
		4D5E4021207DA49600A9BA8B = {
			isa = PBXGroup;
			children = (
				4D5E4037207DA4CB00A9BA8B /* libGLEW.2.1.0.dylib */,
				4D5E4036207DA4CB00A9BA8B /* libGLEW.a */,
				4D5E4034207DA4CB00A9BA8B /* libglut.3.10.0.dylib */,
				4D5E4035207DA4CB00A9BA8B /* libglut.a */,
				4D5E402C207DA49600A9BA8B /* Robot_OpenGL */,
				4D5E402B207DA49600A9BA8B /* Products */,
				4D5E403C207DA4DB00A9BA8B /* Frameworks */,
			);
			sourceTree = "<group>";
		};
		4D5E402B207DA49600A9BA8B /* Products */ = {
			isa = PBXGroup;
			children = (
				4D5E402A207DA49600A9BA8B /* Robot_OpenGL */,
			);
			name = Products;
			sourceTree = "<group>";
		};
		4D5E402C207DA49600A9BA8B /* Robot_OpenGL */ = {
			isa = PBXGroup;
			children = (
				4D5E402D207DA49600A9BA8B /* main.cpp */,
				4D5E4041207DA59100A9BA8B /* CallBack.cpp */,
				4D5E4042207DA59100A9BA8B /* CallBack.hpp */,
				4D5E4044207DA6A500A9BA8B /* vertex_shader.glsl */,
				4D5E4045207DA6CB00A9BA8B /* fragment_shader.glsl */,
			);
			path = Robot_OpenGL;
			sourceTree = "<group>";
		};
		4D5E403C207DA4DB00A9BA8B /* Frameworks */ = {
			isa = PBXGroup;
			children = (
				4D5E403F207DA4E600A9BA8B /* GLUT.framework */,
				4D5E403D207DA4DC00A9BA8B /* OpenGL.framework */,
			);
			name = Frameworks;
			sourceTree = "<group>";
		};
/* End PBXGroup section */

/* Begin PBXNativeTarget section */
		4D5E4029207DA49600A9BA8B /* Robot_OpenGL */ = {
			isa = PBXNativeTarget;
			buildConfigurationList = 4D5E4031207DA49600A9BA8B /* Build configuration list for PBXNativeTarget "Robot_OpenGL" */;
			buildPhases = (
				4D5E4026207DA49600A9BA8B /* Sources */,
				4D5E4027207DA49600A9BA8B /* Frameworks */,
				4D5E4028207DA49600A9BA8B /* CopyFiles */,
			);
			buildRules = (
			);
			dependencies = (
			);
			name = Robot_OpenGL;
			productName = Robot_OpenGL;
			productReference = 4D5E402A207DA49600A9BA8B /* Robot_OpenGL */;
			productType = "com.apple.product-type.tool";
		};
/* End PBXNativeTarget section */

/* Begin PBXProject section */
		4D5E4022207DA49600A9BA8B /* Project object */ = {
			isa = PBXProject;
			attributes = {
				LastUpgradeCheck = 0920;
				ORGANIZATIONNAME = "宋題均";
				TargetAttributes = {
					4D5E4029207DA49600A9BA8B = {
						CreatedOnToolsVersion = 9.2;
						ProvisioningStyle = Automatic;
					};
				};
			};
			buildConfigurationList = 4D5E4025207DA49600A9BA8B /* Build configuration list for PBXProject "Robot_OpenGL" */;
			compatibilityVersion = "Xcode 8.0";
			developmentRegion = en;
			hasScannedForEncodings = 0;
			knownRegions = (
				en,
			);
			mainGroup = 4D5E4021207DA49600A9BA8B;
			productRefGroup = 4D5E402B207DA49600A9BA8B /* Products */;
			projectDirPath = "";
			projectRoot = "";
			targets = (
				4D5E4029207DA49600A9BA8B /* Robot_OpenGL */,
			);
		};
/* End PBXProject section */

/* Begin PBXSourcesBuildPhase section */
		4D5E4026207DA49600A9BA8B /* Sources */ = {
			isa = PBXSourcesBuildPhase;
			buildActionMask = 2147483647;
			files = (
				4D5E4043207DA59100A9BA8B /* CallBack.cpp in Sources */,
				4D5E402E207DA49600A9BA8B /* main.cpp in Sources */,
			);
			runOnlyForDeploymentPostprocessing = 0;
		};
/* End PBXSourcesBuildPhase section */

/* Begin XCBuildConfiguration section */
		4D5E402F207DA49600A9BA8B /* Debug */ = {
			isa = XCBuildConfiguration;
			buildSettings = {
				ALWAYS_SEARCH_USER_PATHS = NO;
				CLANG_ANALYZER_NONNULL = YES;
				CLANG_ANALYZER_NUMBER_OBJECT_CONVERSION = YES_AGGRESSIVE;
				CLANG_CXX_LANGUAGE_STANDARD = "gnu++14";
				CLANG_CXX_LIBRARY = "libc++";
				CLANG_ENABLE_MODULES = YES;
				CLANG_ENABLE_OBJC_ARC = YES;
				CLANG_WARN_BLOCK_CAPTURE_AUTORELEASING = YES;
				CLANG_WARN_BOOL_CONVERSION = YES;
				CLANG_WARN_COMMA = YES;
				CLANG_WARN_CONSTANT_CONVERSION = YES;
				CLANG_WARN_DIRECT_OBJC_ISA_USAGE = YES_ERROR;
				CLANG_WARN_DOCUMENTATION_COMMENTS = YES;
				CLANG_WARN_EMPTY_BODY = YES;
				CLANG_WARN_ENUM_CONVERSION = YES;
				CLANG_WARN_INFINITE_RECURSION = YES;
				CLANG_WARN_INT_CONVERSION = YES;
				CLANG_WARN_NON_LITERAL_NULL_CONVERSION = YES;
				CLANG_WARN_OBJC_LITERAL_CONVERSION = YES;
				CLANG_WARN_OBJC_ROOT_CLASS = YES_ERROR;
				CLANG_WARN_RANGE_LOOP_ANALYSIS = YES;
				CLANG_WARN_STRICT_PROTOTYPES = YES;
				CLANG_WARN_SUSPICIOUS_MOVE = YES;
				CLANG_WARN_UNGUARDED_AVAILABILITY = YES_AGGRESSIVE;
				CLANG_WARN_UNREACHABLE_CODE = YES;
				CLANG_WARN__DUPLICATE_METHOD_MATCH = YES;
				CODE_SIGN_IDENTITY = "-";
				COPY_PHASE_STRIP = NO;
				DEBUG_INFORMATION_FORMAT = dwarf;
				ENABLE_STRICT_OBJC_MSGSEND = YES;
				ENABLE_TESTABILITY = YES;
				GCC_C_LANGUAGE_STANDARD = gnu11;
				GCC_DYNAMIC_NO_PIC = NO;
				GCC_NO_COMMON_BLOCKS = YES;
				GCC_OPTIMIZATION_LEVEL = 0;
				GCC_PREPROCESSOR_DEFINITIONS = (
					"DEBUG=1",
					"$(inherited)",
				);
				GCC_WARN_64_TO_32_BIT_CONVERSION = YES;
				GCC_WARN_ABOUT_RETURN_TYPE = YES_ERROR;
				GCC_WARN_UNDECLARED_SELECTOR = YES;
				GCC_WARN_UNINITIALIZED_AUTOS = YES_AGGRESSIVE;
				GCC_WARN_UNUSED_FUNCTION = YES;
				GCC_WARN_UNUSED_VARIABLE = YES;
				MACOSX_DEPLOYMENT_TARGET = 10.12;
				MTL_ENABLE_DEBUG_INFO = YES;
				ONLY_ACTIVE_ARCH = YES;
				SDKROOT = macosx;
			};
			name = Debug;
		};
		4D5E4030207DA49600A9BA8B /* Release */ = {
			isa = XCBuildConfiguration;
			buildSettings = {
				ALWAYS_SEARCH_USER_PATHS = NO;
				CLANG_ANALYZER_NONNULL = YES;
				CLANG_ANALYZER_NUMBER_OBJECT_CONVERSION = YES_AGGRESSIVE;
				CLANG_CXX_LANGUAGE_STANDARD = "gnu++14";
				CLANG_CXX_LIBRARY = "libc++";
				CLANG_ENABLE_MODULES = YES;
				CLANG_ENABLE_OBJC_ARC = YES;
				CLANG_WARN_BLOCK_CAPTURE_AUTORELEASING = YES;
				CLANG_WARN_BOOL_CONVERSION = YES;
				CLANG_WARN_COMMA = YES;
				CLANG_WARN_CONSTANT_CONVERSION = YES;
				CLANG_WARN_DIRECT_OBJC_ISA_USAGE = YES_ERROR;
				CLANG_WARN_DOCUMENTATION_COMMENTS = YES;
				CLANG_WARN_EMPTY_BODY = YES;
				CLANG_WARN_ENUM_CONVERSION = YES;
				CLANG_WARN_INFINITE_RECURSION = YES;
				CLANG_WARN_INT_CONVERSION = YES;
				CLANG_WARN_NON_LITERAL_NULL_CONVERSION = YES;
				CLANG_WARN_OBJC_LITERAL_CONVERSION = YES;
				CLANG_WARN_OBJC_ROOT_CLASS = YES_ERROR;
				CLANG_WARN_RANGE_LOOP_ANALYSIS = YES;
				CLANG_WARN_STRICT_PROTOTYPES = YES;
				CLANG_WARN_SUSPICIOUS_MOVE = YES;
				CLANG_WARN_UNGUARDED_AVAILABILITY = YES_AGGRESSIVE;
				CLANG_WARN_UNREACHABLE_CODE = YES;
				CLANG_WARN__DUPLICATE_METHOD_MATCH = YES;
				CODE_SIGN_IDENTITY = "-";
				COPY_PHASE_STRIP = NO;
				DEBUG_INFORMATION_FORMAT = "dwarf-with-dsym";
				ENABLE_NS_ASSERTIONS = NO;
				ENABLE_STRICT_OBJC_MSGSEND = YES;
				GCC_C_LANGUAGE_STANDARD = gnu11;
				GCC_NO_COMMON_BLOCKS = YES;
				GCC_WARN_64_TO_32_BIT_CONVERSION = YES;
				GCC_WARN_ABOUT_RETURN_TYPE = YES_ERROR;
				GCC_WARN_UNDECLARED_SELECTOR = YES;
				GCC_WARN_UNINITIALIZED_AUTOS = YES_AGGRESSIVE;
				GCC_WARN_UNUSED_FUNCTION = YES;
				GCC_WARN_UNUSED_VARIABLE = YES;
				MACOSX_DEPLOYMENT_TARGET = 10.12;
				MTL_ENABLE_DEBUG_INFO = NO;
				SDKROOT = macosx;
			};
			name = Release;
		};
		4D5E4032207DA49600A9BA8B /* Debug */ = {
			isa = XCBuildConfiguration;
			buildSettings = {
				CODE_SIGN_STYLE = Automatic;
				HEADER_SEARCH_PATHS = (
					/usr/local/include,
					/opt/local/include,
				);
				LIBRARY_SEARCH_PATHS = /usr/local/lib;
				PRODUCT_NAME = "$(TARGET_NAME)";
			};
			name = Debug;
		};
		4D5E4033207DA49600A9BA8B /* Release */ = {
			isa = XCBuildConfiguration;
			buildSettings = {
				CODE_SIGN_STYLE = Automatic;
				HEADER_SEARCH_PATHS = (
					/usr/local/include,
					/opt/local/include,
				);
				LIBRARY_SEARCH_PATHS = /usr/local/lib;
				PRODUCT_NAME = "$(TARGET_NAME)";
			};
			name = Release;
		};
/* End XCBuildConfiguration section */

/* Begin XCConfigurationList section */
		4D5E4025207DA49600A9BA8B /* Build configuration list for PBXProject "Robot_OpenGL" */ = {
			isa = XCConfigurationList;
			buildConfigurations = (
				4D5E402F207DA49600A9BA8B /* Debug */,
				4D5E4030207DA49600A9BA8B /* Release */,
			);
			defaultConfigurationIsVisible = 0;
			defaultConfigurationName = Release;
		};
		4D5E4031207DA49600A9BA8B /* Build configuration list for PBXNativeTarget "Robot_OpenGL" */ = {
			isa = XCConfigurationList;
			buildConfigurations = (
				4D5E4032207DA49600A9BA8B /* Debug */,
				4D5E4033207DA49600A9BA8B /* Release */,
			);
			defaultConfigurationIsVisible = 0;
			defaultConfigurationName = Release;
		};
/* End XCConfigurationList section */
	};
	rootObject = 4D5E4022207DA49600A9BA8B /* Project object */;
}
